
Microsoft Visual Studio Solution File, Format Version 12.00
# Visual Studio Version 17
VisualStudioVersion = 17.0.32112.339
MinimumVisualStudioVersion = 10.0.40219.1
Project("{9A19103F-16F7-4668-BE54-9A1E7A4F7556}") = "cLibrary", "cLibrary\cLibrary.csproj", "{2FF44341-17D1-4D95-B2C8-F9BE5A434A91}"
EndProject
Project("{FAE04EC0-301F-11D3-BF4B-00C04F79EFBC}") = "cLibrary.Extensions", "cLibrary.Extensions\cLibrary.Extensions.csproj", "{F173B637-EB9A-4A93-9C7A-4B55BD5BD059}"
EndProject
Project("{FAE04EC0-301F-11D3-BF4B-00C04F79EFBC}") = "cLibrary.Helper", "cLibrary.Helper\cLibrary.Helper.csproj", "{55E46BE4-042C-4A07-8DA7-3C8068253693}"
EndProject
Global
	GlobalSection(SolutionConfigurationPlatforms) = preSolution
		Debug|Any CPU = Debug|Any CPU
		Release|Any CPU = Release|Any CPU
	EndGlobalSection
	GlobalSection(ProjectConfigurationPlatforms) = postSolution
		{2FF44341-17D1-4D95-B2C8-F9BE5A434A91}.Debug|Any CPU.ActiveCfg = Debug|Any CPU
		{2FF44341-17D1-4D95-B2C8-F9BE5A434A91}.Debug|Any CPU.Build.0 = Debug|Any CPU
		{2FF44341-17D1-4D95-B2C8-F9BE5A434A91}.Release|Any CPU.ActiveCfg = Release|Any CPU
		{2FF44341-17D1-4D95-B2C8-F9BE5A434A91}.Release|Any CPU.Build.0 = Release|Any CPU
		{F173B637-EB9A-4A93-9C7A-4B55BD5BD059}.Debug|Any CPU.ActiveCfg = Debug|Any CPU
		{F173B637-EB9A-4A93-9C7A-4B55BD5BD059}.Debug|Any CPU.Build.0 = Debug|Any CPU
		{F173B637-EB9A-4A93-9C7A-4B55BD5BD059}.Release|Any CPU.ActiveCfg = Release|Any CPU
		{F173B637-EB9A-4A93-9C7A-4B55BD5BD059}.Release|Any CPU.Build.0 = Release|Any CPU
		{55E46BE4-042C-4A07-8DA7-3C8068253693}.Debug|Any CPU.ActiveCfg = Debug|Any CPU
		{55E46BE4-042C-4A07-8DA7-3C8068253693}.Debug|Any CPU.Build.0 = Debug|Any CPU
		{55E46BE4-042C-4A07-8DA7-3C8068253693}.Release|Any CPU.ActiveCfg = Release|Any CPU
		{55E46BE4-042C-4A07-8DA7-3C8068253693}.Release|Any CPU.Build.0 = Release|Any CPU
	EndGlobalSection
	GlobalSection(SolutionProperties) = preSolution
		HideSolutionNode = FALSE
	EndGlobalSection
	GlobalSection(ExtensibilityGlobals) = postSolution
		SolutionGuid = {F7334253-B5A0-42C7-8C9A-29E8630AF4B5}
	EndGlobalSection
EndGlobal
